
Microsoft Visual Studio Solution File, Format Version 12.00
# Visual Studio 15
VisualStudioVersion = 15.0.27703.2035
MinimumVisualStudioVersion = 10.0.40219.1
Project("{FAE04EC0-301F-11D3-BF4B-00C04F79EFBC}") = "пмм№6", "пмм№6\пмм№6.csproj", "{E8F69B8B-69D3-4349-BF63-87BE79E9C4F1}"
EndProject
Global
	GlobalSection(SolutionConfigurationPlatforms) = preSolution
		Debug|Any CPU = Debug|Any CPU
		Release|Any CPU = Release|Any CPU
	EndGlobalSection
	GlobalSection(ProjectConfigurationPlatforms) = postSolution
		{E8F69B8B-69D3-4349-BF63-87BE79E9C4F1}.Debug|Any CPU.ActiveCfg = Debug|Any CPU
		{E8F69B8B-69D3-4349-BF63-87BE79E9C4F1}.Debug|Any CPU.Build.0 = Debug|Any CPU
		{E8F69B8B-69D3-4349-BF63-87BE79E9C4F1}.Release|Any CPU.ActiveCfg = Release|Any CPU
		{E8F69B8B-69D3-4349-BF63-87BE79E9C4F1}.Release|Any CPU.Build.0 = Release|Any CPU
	EndGlobalSection
	GlobalSection(SolutionProperties) = preSolution
		HideSolutionNode = FALSE
	EndGlobalSection
	GlobalSection(ExtensibilityGlobals) = postSolution
		SolutionGuid = {FE77970E-0264-43C0-89B8-98BA0364DB9A}
	EndGlobalSection
EndGlobal
